
Microsoft Visual Studio Solution File, Format Version 12.00
# Visual Studio Version 17
VisualStudioVersion = 17.11.35303.130
MinimumVisualStudioVersion = 10.0.40219.1
Project("{9A19103F-16F7-4668-BE54-9A1E7A4F7556}") = "test", "test\test.csproj", "{0099A737-7203-4917-ABA0-3F83C6B70B48}"
EndProject
Project("{9A19103F-16F7-4668-BE54-9A1E7A4F7556}") = "EnjoyShopping.EPMS", "MyProject.EPMS\EnjoyShopping.EPMS.csproj", "{5A6DD8AA-8DB3-47F1-AB56-A013871F3FB4}"
EndProject
Project("{9A19103F-16F7-4668-BE54-9A1E7A4F7556}") = "MyProject.EPMS.Entitys", "MyProject.EPMS.Entitys\MyProject.EPMS.Entitys.csproj", "{4B224293-76CD-4EED-B7D6-73CE4E24DF58}"
EndProject
Project("{9A19103F-16F7-4668-BE54-9A1E7A4F7556}") = "MyProject.EPMS.Interfaces", "MyProject.EPMS.Interfaces\MyProject.EPMS.Interfaces.csproj", "{401DBC4A-2EBC-476A-B8E3-CF815ECB1B64}"
EndProject
Project("{2150E333-8FDC-42A3-9474-1A3956D46DE8}") = "MyProject", "MyProject", "{DE615905-1888-4E05-99F0-DFA346BDF764}"
EndProject
Project("{2150E333-8FDC-42A3-9474-1A3956D46DE8}") = "Test2024", "Test2024", "{60A0E9FD-C35F-47C2-9988-01B6C83B00B6}"
EndProject
Project("{9A19103F-16F7-4668-BE54-9A1E7A4F7556}") = "Test2024API", "..\..\SqlSugar增删改(完成)\Test2024\Test2024API\Test2024API.csproj", "{648450A3-680D-4DC3-A196-FEB2D519313F}"
EndProject
Project("{9A19103F-16F7-4668-BE54-9A1E7A4F7556}") = "Test2024.Entity", "..\..\SqlSugar增删改(完成)\Test2024\Test2024.Entity\Test2024.Entity.csproj", "{24E3A99B-904C-4BD9-9615-1582D7B8CEE2}"
EndProject
Project("{9A19103F-16F7-4668-BE54-9A1E7A4F7556}") = "Test2024", "..\..\SqlSugar增删改(完成)\Test2024\Test2024\Test2024.csproj", "{89BFF2D4-6BD5-4DF4-B8BF-8029B5DD8ACA}"
EndProject
Project("{2150E333-8FDC-42A3-9474-1A3956D46DE8}") = "guleDemo", "guleDemo", "{0C0AA52C-CC27-45C6-B489-7DFDCFD02BF8}"
EndProject
Project("{9A19103F-16F7-4668-BE54-9A1E7A4F7556}") = "guleProject.CoreAPI.WebCore", "..\..\gule.NetCoreProject\guleProject.CoreAPI.EPMS\gule.Project.Core\guleProject.CoreAPI.WebCore.csproj", "{C0E52D66-077D-446D-94E6-8B9805239BDF}"
EndProject
Project("{9A19103F-16F7-4668-BE54-9A1E7A4F7556}") = "guleProject.Console.DemoTest", "..\..\gule.NetCoreProject\guleProject.CoreAPI.EPMS\guleProject.Console.DemoTest\guleProject.Console.DemoTest.csproj", "{0FAA22DD-D9AD-4563-B89B-A92E320AFAEB}"
EndProject
Project("{9A19103F-16F7-4668-BE54-9A1E7A4F7556}") = "guleProject.CoreAPI.EPMS", "..\..\gule.NetCoreProject\guleProject.CoreAPI.EPMS\guleProject.CoreAPI.EPMS\guleProject.CoreAPI.EPMS.csproj", "{75C9F209-FEEA-48C5-85D0-EEE1C2DA61EF}"
EndProject
Project("{9A19103F-16F7-4668-BE54-9A1E7A4F7556}") = "guleProject.NET8.AutofacExtension", "..\..\gule.NetCoreProject\guleProject.CoreAPI.EPMS\guleProject.NET8.AutofacExtension\guleProject.NET8.AutofacExtension.csproj", "{8AF50D63-1989-4299-B9F7-948A49879302}"
EndProject
Project("{9A19103F-16F7-4668-BE54-9A1E7A4F7556}") = "guleProject.Net8.CoreWeb", "..\..\gule.NetCoreProject\guleProject.CoreAPI.EPMS\guleProject.Net8.CoreWeb\guleProject.Net8.CoreWeb.csproj", "{4758CC3A-A74F-4A21-B716-1B5C57EFB1C7}"
EndProject
Project("{9A19103F-16F7-4668-BE54-9A1E7A4F7556}") = "guleProject.NetCore8.Entility", "..\..\gule.NetCoreProject\guleProject.CoreAPI.EPMS\guleProject.NetCore8.Entility\guleProject.NetCore8.Entility.csproj", "{305A4E69-4DFD-40C8-9743-CA227153C844}"
EndProject
Project("{9A19103F-16F7-4668-BE54-9A1E7A4F7556}") = "guleProject.NetCore8.Interfaces", "..\..\gule.NetCoreProject\guleProject.CoreAPI.EPMS\guleProject.NetCore8.Interfaces\guleProject.NetCore8.Interfaces.csproj", "{BED69EF3-3465-4AF4-9240-5C3B7EE3D4F6}"
EndProject
Project("{9A19103F-16F7-4668-BE54-9A1E7A4F7556}") = "guleProject.NetCore8.Services", "..\..\gule.NetCoreProject\guleProject.CoreAPI.EPMS\guleProject.NetCore8.Services\guleProject.NetCore8.Services.csproj", "{866B8152-774D-40AC-A369-98298139F6F6}"
EndProject
Project("{2150E333-8FDC-42A3-9474-1A3956D46DE8}") = "跨库查询", "跨库查询", "{1BC8C438-F665-408F-9C5F-6F8E3A4D9F16}"
EndProject
Project("{9A19103F-16F7-4668-BE54-9A1E7A4F7556}") = "QueryCoreDB", "QueryCoreDB\QueryCoreDB.csproj", "{89ACA74D-62F9-49F5-8C60-9F1CE56657B0}"
EndProject
Project("{2150E333-8FDC-42A3-9474-1A3956D46DE8}") = "仓储", "仓储", "{587503E8-0CA8-42DD-B351-C3308EF21788}"
EndProject
Project("{9A19103F-16F7-4668-BE54-9A1E7A4F7556}") = "MyShopping.IRepository", "..\..\仓储\MyShopping.WebAPI\MyShopping.IRepository\MyShopping.IRepository.csproj", "{E3F199AA-033E-4943-A34B-1E94134D9385}"
EndProject
Project("{9A19103F-16F7-4668-BE54-9A1E7A4F7556}") = "MyShopping.IService", "..\..\仓储\MyShopping.WebAPI\MyShopping.IService\MyShopping.IService.csproj", "{4A0937B0-5A70-4FF0-A2D3-F5352E810F16}"
EndProject
Project("{9A19103F-16F7-4668-BE54-9A1E7A4F7556}") = "MyShopping.Model", "..\..\仓储\MyShopping.WebAPI\MyShopping.Model\MyShopping.Model.csproj", "{E8837340-8145-470A-8424-24830B4C1E1E}"
EndProject
Project("{9A19103F-16F7-4668-BE54-9A1E7A4F7556}") = "MyShopping.Repository", "..\..\仓储\MyShopping.WebAPI\MyShopping.Repository\MyShopping.Repository.csproj", "{79AEC677-2705-4A1C-BC7C-F6D02BE7D711}"
EndProject
Project("{9A19103F-16F7-4668-BE54-9A1E7A4F7556}") = "MyShopping.Service", "..\..\仓储\MyShopping.WebAPI\MyShopping.Service\MyShopping.Service.csproj", "{B019128B-DE23-4C73-8977-56ECB67FB29B}"
EndProject
Project("{9A19103F-16F7-4668-BE54-9A1E7A4F7556}") = "MyShopping.WebAPI", "..\..\仓储\MyShopping.WebAPI\MyShopping.WebAPI\MyShopping.WebAPI.csproj", "{45810290-A04B-4D7C-849A-96148A85F110}"
EndProject
Global
	GlobalSection(SolutionConfigurationPlatforms) = preSolution
		Debug|Any CPU = Debug|Any CPU
		Release|Any CPU = Release|Any CPU
	EndGlobalSection
	GlobalSection(ProjectConfigurationPlatforms) = postSolution
		{0099A737-7203-4917-ABA0-3F83C6B70B48}.Debug|Any CPU.ActiveCfg = Debug|Any CPU
		{0099A737-7203-4917-ABA0-3F83C6B70B48}.Debug|Any CPU.Build.0 = Debug|Any CPU
		{0099A737-7203-4917-ABA0-3F83C6B70B48}.Release|Any CPU.ActiveCfg = Release|Any CPU
		{0099A737-7203-4917-ABA0-3F83C6B70B48}.Release|Any CPU.Build.0 = Release|Any CPU
		{5A6DD8AA-8DB3-47F1-AB56-A013871F3FB4}.Debug|Any CPU.ActiveCfg = Debug|Any CPU
		{5A6DD8AA-8DB3-47F1-AB56-A013871F3FB4}.Debug|Any CPU.Build.0 = Debug|Any CPU
		{5A6DD8AA-8DB3-47F1-AB56-A013871F3FB4}.Release|Any CPU.ActiveCfg = Release|Any CPU
		{5A6DD8AA-8DB3-47F1-AB56-A013871F3FB4}.Release|Any CPU.Build.0 = Release|Any CPU
		{4B224293-76CD-4EED-B7D6-73CE4E24DF58}.Debug|Any CPU.ActiveCfg = Debug|Any CPU
		{4B224293-76CD-4EED-B7D6-73CE4E24DF58}.Debug|Any CPU.Build.0 = Debug|Any CPU
		{4B224293-76CD-4EED-B7D6-73CE4E24DF58}.Release|Any CPU.ActiveCfg = Release|Any CPU
		{4B224293-76CD-4EED-B7D6-73CE4E24DF58}.Release|Any CPU.Build.0 = Release|Any CPU
		{401DBC4A-2EBC-476A-B8E3-CF815ECB1B64}.Debug|Any CPU.ActiveCfg = Debug|Any CPU
		{401DBC4A-2EBC-476A-B8E3-CF815ECB1B64}.Debug|Any CPU.Build.0 = Debug|Any CPU
		{401DBC4A-2EBC-476A-B8E3-CF815ECB1B64}.Release|Any CPU.ActiveCfg = Release|Any CPU
		{401DBC4A-2EBC-476A-B8E3-CF815ECB1B64}.Release|Any CPU.Build.0 = Release|Any CPU
		{648450A3-680D-4DC3-A196-FEB2D519313F}.Debug|Any CPU.ActiveCfg = Debug|Any CPU
		{648450A3-680D-4DC3-A196-FEB2D519313F}.Debug|Any CPU.Build.0 = Debug|Any CPU
		{648450A3-680D-4DC3-A196-FEB2D519313F}.Release|Any CPU.ActiveCfg = Release|Any CPU
		{648450A3-680D-4DC3-A196-FEB2D519313F}.Release|Any CPU.Build.0 = Release|Any CPU
		{24E3A99B-904C-4BD9-9615-1582D7B8CEE2}.Debug|Any CPU.ActiveCfg = Debug|Any CPU
		{24E3A99B-904C-4BD9-9615-1582D7B8CEE2}.Debug|Any CPU.Build.0 = Debug|Any CPU
		{24E3A99B-904C-4BD9-9615-1582D7B8CEE2}.Release|Any CPU.ActiveCfg = Release|Any CPU
		{24E3A99B-904C-4BD9-9615-1582D7B8CEE2}.Release|Any CPU.Build.0 = Release|Any CPU
		{89BFF2D4-6BD5-4DF4-B8BF-8029B5DD8ACA}.Debug|Any CPU.ActiveCfg = Debug|Any CPU
		{89BFF2D4-6BD5-4DF4-B8BF-8029B5DD8ACA}.Debug|Any CPU.Build.0 = Debug|Any CPU
		{89BFF2D4-6BD5-4DF4-B8BF-8029B5DD8ACA}.Release|Any CPU.ActiveCfg = Release|Any CPU
		{89BFF2D4-6BD5-4DF4-B8BF-8029B5DD8ACA}.Release|Any CPU.Build.0 = Release|Any CPU
		{C0E52D66-077D-446D-94E6-8B9805239BDF}.Debug|Any CPU.ActiveCfg = Debug|Any CPU
		{C0E52D66-077D-446D-94E6-8B9805239BDF}.Debug|Any CPU.Build.0 = Debug|Any CPU
		{C0E52D66-077D-446D-94E6-8B9805239BDF}.Release|Any CPU.ActiveCfg = Release|Any CPU
		{C0E52D66-077D-446D-94E6-8B9805239BDF}.Release|Any CPU.Build.0 = Release|Any CPU
		{0FAA22DD-D9AD-4563-B89B-A92E320AFAEB}.Debug|Any CPU.ActiveCfg = Debug|Any CPU
		{0FAA22DD-D9AD-4563-B89B-A92E320AFAEB}.Debug|Any CPU.Build.0 = Debug|Any CPU
		{0FAA22DD-D9AD-4563-B89B-A92E320AFAEB}.Release|Any CPU.ActiveCfg = Release|Any CPU
		{0FAA22DD-D9AD-4563-B89B-A92E320AFAEB}.Release|Any CPU.Build.0 = Release|Any CPU
		{75C9F209-FEEA-48C5-85D0-EEE1C2DA61EF}.Debug|Any CPU.ActiveCfg = Debug|Any CPU
		{75C9F209-FEEA-48C5-85D0-EEE1C2DA61EF}.Debug|Any CPU.Build.0 = Debug|Any CPU
		{75C9F209-FEEA-48C5-85D0-EEE1C2DA61EF}.Release|Any CPU.ActiveCfg = Release|Any CPU
		{75C9F209-FEEA-48C5-85D0-EEE1C2DA61EF}.Release|Any CPU.Build.0 = Release|Any CPU
		{8AF50D63-1989-4299-B9F7-948A49879302}.Debug|Any CPU.ActiveCfg = Debug|Any CPU
		{8AF50D63-1989-4299-B9F7-948A49879302}.Debug|Any CPU.Build.0 = Debug|Any CPU
		{8AF50D63-1989-4299-B9F7-948A49879302}.Release|Any CPU.ActiveCfg = Release|Any CPU
		{8AF50D63-1989-4299-B9F7-948A49879302}.Release|Any CPU.Build.0 = Release|Any CPU
		{4758CC3A-A74F-4A21-B716-1B5C57EFB1C7}.Debug|Any CPU.ActiveCfg = Debug|Any CPU
		{4758CC3A-A74F-4A21-B716-1B5C57EFB1C7}.Debug|Any CPU.Build.0 = Debug|Any CPU
		{4758CC3A-A74F-4A21-B716-1B5C57EFB1C7}.Release|Any CPU.ActiveCfg = Release|Any CPU
		{4758CC3A-A74F-4A21-B716-1B5C57EFB1C7}.Release|Any CPU.Build.0 = Release|Any CPU
		{305A4E69-4DFD-40C8-9743-CA227153C844}.Debug|Any CPU.ActiveCfg = Debug|Any CPU
		{305A4E69-4DFD-40C8-9743-CA227153C844}.Debug|Any CPU.Build.0 = Debug|Any CPU
		{305A4E69-4DFD-40C8-9743-CA227153C844}.Release|Any CPU.ActiveCfg = Release|Any CPU
		{305A4E69-4DFD-40C8-9743-CA227153C844}.Release|Any CPU.Build.0 = Release|Any CPU
		{BED69EF3-3465-4AF4-9240-5C3B7EE3D4F6}.Debug|Any CPU.ActiveCfg = Debug|Any CPU
		{BED69EF3-3465-4AF4-9240-5C3B7EE3D4F6}.Debug|Any CPU.Build.0 = Debug|Any CPU
		{BED69EF3-3465-4AF4-9240-5C3B7EE3D4F6}.Release|Any CPU.ActiveCfg = Release|Any CPU
		{BED69EF3-3465-4AF4-9240-5C3B7EE3D4F6}.Release|Any CPU.Build.0 = Release|Any CPU
		{866B8152-774D-40AC-A369-98298139F6F6}.Debug|Any CPU.ActiveCfg = Debug|Any CPU
		{866B8152-774D-40AC-A369-98298139F6F6}.Debug|Any CPU.Build.0 = Debug|Any CPU
		{866B8152-774D-40AC-A369-98298139F6F6}.Release|Any CPU.ActiveCfg = Release|Any CPU
		{866B8152-774D-40AC-A369-98298139F6F6}.Release|Any CPU.Build.0 = Release|Any CPU
		{89ACA74D-62F9-49F5-8C60-9F1CE56657B0}.Debug|Any CPU.ActiveCfg = Debug|Any CPU
		{89ACA74D-62F9-49F5-8C60-9F1CE56657B0}.Debug|Any CPU.Build.0 = Debug|Any CPU
		{89ACA74D-62F9-49F5-8C60-9F1CE56657B0}.Release|Any CPU.ActiveCfg = Release|Any CPU
		{89ACA74D-62F9-49F5-8C60-9F1CE56657B0}.Release|Any CPU.Build.0 = Release|Any CPU
		{E3F199AA-033E-4943-A34B-1E94134D9385}.Debug|Any CPU.ActiveCfg = Debug|Any CPU
		{E3F199AA-033E-4943-A34B-1E94134D9385}.Debug|Any CPU.Build.0 = Debug|Any CPU
		{E3F199AA-033E-4943-A34B-1E94134D9385}.Release|Any CPU.ActiveCfg = Release|Any CPU
		{E3F199AA-033E-4943-A34B-1E94134D9385}.Release|Any CPU.Build.0 = Release|Any CPU
		{4A0937B0-5A70-4FF0-A2D3-F5352E810F16}.Debug|Any CPU.ActiveCfg = Debug|Any CPU
		{4A0937B0-5A70-4FF0-A2D3-F5352E810F16}.Debug|Any CPU.Build.0 = Debug|Any CPU
		{4A0937B0-5A70-4FF0-A2D3-F5352E810F16}.Release|Any CPU.ActiveCfg = Release|Any CPU
		{4A0937B0-5A70-4FF0-A2D3-F5352E810F16}.Release|Any CPU.Build.0 = Release|Any CPU
		{E8837340-8145-470A-8424-24830B4C1E1E}.Debug|Any CPU.ActiveCfg = Debug|Any CPU
		{E8837340-8145-470A-8424-24830B4C1E1E}.Debug|Any CPU.Build.0 = Debug|Any CPU
		{E8837340-8145-470A-8424-24830B4C1E1E}.Release|Any CPU.ActiveCfg = Release|Any CPU
		{E8837340-8145-470A-8424-24830B4C1E1E}.Release|Any CPU.Build.0 = Release|Any CPU
		{79AEC677-2705-4A1C-BC7C-F6D02BE7D711}.Debug|Any CPU.ActiveCfg = Debug|Any CPU
		{79AEC677-2705-4A1C-BC7C-F6D02BE7D711}.Debug|Any CPU.Build.0 = Debug|Any CPU
		{79AEC677-2705-4A1C-BC7C-F6D02BE7D711}.Release|Any CPU.ActiveCfg = Release|Any CPU
		{79AEC677-2705-4A1C-BC7C-F6D02BE7D711}.Release|Any CPU.Build.0 = Release|Any CPU
		{B019128B-DE23-4C73-8977-56ECB67FB29B}.Debug|Any CPU.ActiveCfg = Debug|Any CPU
		{B019128B-DE23-4C73-8977-56ECB67FB29B}.Debug|Any CPU.Build.0 = Debug|Any CPU
		{B019128B-DE23-4C73-8977-56ECB67FB29B}.Release|Any CPU.ActiveCfg = Release|Any CPU
		{B019128B-DE23-4C73-8977-56ECB67FB29B}.Release|Any CPU.Build.0 = Release|Any CPU
		{45810290-A04B-4D7C-849A-96148A85F110}.Debug|Any CPU.ActiveCfg = Debug|Any CPU
		{45810290-A04B-4D7C-849A-96148A85F110}.Debug|Any CPU.Build.0 = Debug|Any CPU
		{45810290-A04B-4D7C-849A-96148A85F110}.Release|Any CPU.ActiveCfg = Release|Any CPU
		{45810290-A04B-4D7C-849A-96148A85F110}.Release|Any CPU.Build.0 = Release|Any CPU
	EndGlobalSection
	GlobalSection(SolutionProperties) = preSolution
		HideSolutionNode = FALSE
	EndGlobalSection
	GlobalSection(NestedProjects) = preSolution
		{0099A737-7203-4917-ABA0-3F83C6B70B48} = {DE615905-1888-4E05-99F0-DFA346BDF764}
		{5A6DD8AA-8DB3-47F1-AB56-A013871F3FB4} = {DE615905-1888-4E05-99F0-DFA346BDF764}
		{4B224293-76CD-4EED-B7D6-73CE4E24DF58} = {DE615905-1888-4E05-99F0-DFA346BDF764}
		{401DBC4A-2EBC-476A-B8E3-CF815ECB1B64} = {DE615905-1888-4E05-99F0-DFA346BDF764}
		{648450A3-680D-4DC3-A196-FEB2D519313F} = {60A0E9FD-C35F-47C2-9988-01B6C83B00B6}
		{24E3A99B-904C-4BD9-9615-1582D7B8CEE2} = {60A0E9FD-C35F-47C2-9988-01B6C83B00B6}
		{89BFF2D4-6BD5-4DF4-B8BF-8029B5DD8ACA} = {60A0E9FD-C35F-47C2-9988-01B6C83B00B6}
		{C0E52D66-077D-446D-94E6-8B9805239BDF} = {0C0AA52C-CC27-45C6-B489-7DFDCFD02BF8}
		{0FAA22DD-D9AD-4563-B89B-A92E320AFAEB} = {0C0AA52C-CC27-45C6-B489-7DFDCFD02BF8}
		{75C9F209-FEEA-48C5-85D0-EEE1C2DA61EF} = {0C0AA52C-CC27-45C6-B489-7DFDCFD02BF8}
		{8AF50D63-1989-4299-B9F7-948A49879302} = {0C0AA52C-CC27-45C6-B489-7DFDCFD02BF8}
		{4758CC3A-A74F-4A21-B716-1B5C57EFB1C7} = {0C0AA52C-CC27-45C6-B489-7DFDCFD02BF8}
		{305A4E69-4DFD-40C8-9743-CA227153C844} = {0C0AA52C-CC27-45C6-B489-7DFDCFD02BF8}
		{BED69EF3-3465-4AF4-9240-5C3B7EE3D4F6} = {0C0AA52C-CC27-45C6-B489-7DFDCFD02BF8}
		{866B8152-774D-40AC-A369-98298139F6F6} = {0C0AA52C-CC27-45C6-B489-7DFDCFD02BF8}
		{89ACA74D-62F9-49F5-8C60-9F1CE56657B0} = {1BC8C438-F665-408F-9C5F-6F8E3A4D9F16}
		{E3F199AA-033E-4943-A34B-1E94134D9385} = {587503E8-0CA8-42DD-B351-C3308EF21788}
		{4A0937B0-5A70-4FF0-A2D3-F5352E810F16} = {587503E8-0CA8-42DD-B351-C3308EF21788}
		{E8837340-8145-470A-8424-24830B4C1E1E} = {587503E8-0CA8-42DD-B351-C3308EF21788}
		{79AEC677-2705-4A1C-BC7C-F6D02BE7D711} = {587503E8-0CA8-42DD-B351-C3308EF21788}
		{B019128B-DE23-4C73-8977-56ECB67FB29B} = {587503E8-0CA8-42DD-B351-C3308EF21788}
		{45810290-A04B-4D7C-849A-96148A85F110} = {587503E8-0CA8-42DD-B351-C3308EF21788}
	EndGlobalSection
	GlobalSection(ExtensibilityGlobals) = postSolution
		SolutionGuid = {F4FB1FB5-6B34-4D3A-847D-4A5957E17B78}
	EndGlobalSection
EndGlobal
